
Microsoft Visual Studio Solution File, Format Version 12.00
# Visual Studio Version 17
VisualStudioVersion = 17.8.34330.188
MinimumVisualStudioVersion = 10.0.40219.1
Project("{D2ABAB84-BF74-430A-B69E-9DC6D40DDA17}") = "MultidimensionalSpotify", "MultidimensionalSpotify\MultidimensionalSpotify.dwproj", "{F56F70A3-5A05-453B-B4A5-EE2EE6943FDF}"
EndProject
Global
	GlobalSection(SolutionConfigurationPlatforms) = preSolution
		Development|Default = Development|Default
	EndGlobalSection
	GlobalSection(ProjectConfigurationPlatforms) = postSolution
		{F56F70A3-5A05-453B-B4A5-EE2EE6943FDF}.Development|Default.ActiveCfg = Development
		{F56F70A3-5A05-453B-B4A5-EE2EE6943FDF}.Development|Default.Build.0 = Development
		{F56F70A3-5A05-453B-B4A5-EE2EE6943FDF}.Development|Default.Deploy.0 = Development
	EndGlobalSection
	GlobalSection(SolutionProperties) = preSolution
		HideSolutionNode = FALSE
	EndGlobalSection
	GlobalSection(ExtensibilityGlobals) = postSolution
		SolutionGuid = {B28EED19-C858-406A-B697-B050735F6A6B}
	EndGlobalSection
EndGlobal
