
Microsoft Visual Studio Solution File, Format Version 12.00
# Visual Studio Version 17
VisualStudioVersion = 17.8.34330.188
MinimumVisualStudioVersion = 10.0.40219.1
Project("{C9674DCB-5085-4A16-B785-4C70DD1589BD}") = "Integration Services Spotify", "Integration Services Spotify\Integration Services Spotify.dtproj", "{957BB68F-34CD-43AA-9A60-5702B22D7287}"
EndProject
Global
	GlobalSection(SolutionConfigurationPlatforms) = preSolution
		Azure|Default = Azure|Default
		Development|Default = Development|Default
	EndGlobalSection
	GlobalSection(ProjectConfigurationPlatforms) = postSolution
		{957BB68F-34CD-43AA-9A60-5702B22D7287}.Azure|Default.ActiveCfg = Azure
		{957BB68F-34CD-43AA-9A60-5702B22D7287}.Azure|Default.Build.0 = Azure
		{957BB68F-34CD-43AA-9A60-5702B22D7287}.Development|Default.ActiveCfg = Development
		{957BB68F-34CD-43AA-9A60-5702B22D7287}.Development|Default.Build.0 = Development
	EndGlobalSection
	GlobalSection(SolutionProperties) = preSolution
		HideSolutionNode = FALSE
	EndGlobalSection
	GlobalSection(ExtensibilityGlobals) = postSolution
		SolutionGuid = {ECBB7900-4EFA-4A83-A688-09070609CFE9}
	EndGlobalSection
EndGlobal
