
Microsoft Visual Studio Solution File, Format Version 12.00
# Visual Studio Version 17
VisualStudioVersion = 17.8.34330.188
MinimumVisualStudioVersion = 10.0.40219.1
Project("{D2ABAB84-BF74-430A-B69E-9DC6D40DDA17}") = "Spotify2", "Spotify2\Spotify2.dwproj", "{3D2507DA-C8B4-4B8A-8991-4194465E3DF1}"
EndProject
Global
	GlobalSection(SolutionConfigurationPlatforms) = preSolution
		Development|Default = Development|Default
	EndGlobalSection
	GlobalSection(ProjectConfigurationPlatforms) = postSolution
		{3D2507DA-C8B4-4B8A-8991-4194465E3DF1}.Development|Default.ActiveCfg = Development
		{3D2507DA-C8B4-4B8A-8991-4194465E3DF1}.Development|Default.Build.0 = Development
		{3D2507DA-C8B4-4B8A-8991-4194465E3DF1}.Development|Default.Deploy.0 = Development
	EndGlobalSection
	GlobalSection(SolutionProperties) = preSolution
		HideSolutionNode = FALSE
	EndGlobalSection
	GlobalSection(ExtensibilityGlobals) = postSolution
		SolutionGuid = {5EC71DEA-0798-4E48-A6E3-7A4CEDB59810}
	EndGlobalSection
EndGlobal
